
Microsoft Visual Studio Solution File, Format Version 12.00
# Visual Studio Version 17
VisualStudioVersion = 17.12.35707.178 d17.12
MinimumVisualStudioVersion = 10.0.40219.1
Project("{FAE04EC0-301F-11D3-BF4B-00C04F79EFBC}") = "Epam.MovieManager.UI", "Epam.MovieManager\Epam.MovieManager.UI.csproj", "{B1A44080-9B8D-40B6-87F5-2A94673F8AE8}"
EndProject
Project("{FAE04EC0-301F-11D3-BF4B-00C04F79EFBC}") = "Epam.MovieManager.Application", "Epam.MovieManager.Application\Epam.MovieManager.Application.csproj", "{FEF46B3E-6658-4BDC-A60A-A443437614D3}"
EndProject
Global
	GlobalSection(SolutionConfigurationPlatforms) = preSolution
		Debug|Any CPU = Debug|Any CPU
		Release|Any CPU = Release|Any CPU
	EndGlobalSection
	GlobalSection(ProjectConfigurationPlatforms) = postSolution
		{B1A44080-9B8D-40B6-87F5-2A94673F8AE8}.Debug|Any CPU.ActiveCfg = Debug|Any CPU
		{B1A44080-9B8D-40B6-87F5-2A94673F8AE8}.Debug|Any CPU.Build.0 = Debug|Any CPU
		{B1A44080-9B8D-40B6-87F5-2A94673F8AE8}.Release|Any CPU.ActiveCfg = Release|Any CPU
		{B1A44080-9B8D-40B6-87F5-2A94673F8AE8}.Release|Any CPU.Build.0 = Release|Any CPU
		{FEF46B3E-6658-4BDC-A60A-A443437614D3}.Debug|Any CPU.ActiveCfg = Debug|Any CPU
		{FEF46B3E-6658-4BDC-A60A-A443437614D3}.Debug|Any CPU.Build.0 = Debug|Any CPU
		{FEF46B3E-6658-4BDC-A60A-A443437614D3}.Release|Any CPU.ActiveCfg = Release|Any CPU
		{FEF46B3E-6658-4BDC-A60A-A443437614D3}.Release|Any CPU.Build.0 = Release|Any CPU
	EndGlobalSection
	GlobalSection(SolutionProperties) = preSolution
		HideSolutionNode = FALSE
	EndGlobalSection
EndGlobal
